// !$*UTF8*$!
{
	archiveVersion = 1;
	classes = {
	};
	objectVersion = 50;
	objects = {

/* Begin PBXBuildFile section */
		CCDB459C22224C3D008A9566 /* AppDelegate.swift in Sources */ = {isa = PBXBuildFile; fileRef = CCDB459B22224C3D008A9566 /* AppDelegate.swift */; };
		CCDB459E22224C3D008A9566 /* ViewController.swift in Sources */ = {isa = PBXBuildFile; fileRef = CCDB459D22224C3D008A9566 /* ViewController.swift */; };
		CCDB45A122224C3D008A9566 /* Main.storyboard in Resources */ = {isa = PBXBuildFile; fileRef = CCDB459F22224C3D008A9566 /* Main.storyboard */; };
		CCDB45A322224C3D008A9566 /* Assets.xcassets in Resources */ = {isa = PBXBuildFile; fileRef = CCDB45A222224C3D008A9566 /* Assets.xcassets */; };
		CCDB45A622224C3D008A9566 /* LaunchScreen.storyboard in Resources */ = {isa = PBXBuildFile; fileRef = CCDB45A422224C3D008A9566 /* LaunchScreen.storyboard */; };
		CCDB45AF22224D03008A9566 /* CameraFramework.framework in Frameworks */ = {isa = PBXBuildFile; fileRef = CCDB45AE22224D03008A9566 /* CameraFramework.framework */; };
		CCDB45B022224D1B008A9566 /* CameraFramework.framework in Frameworks */ = {isa = PBXBuildFile; fileRef = CCDB45AE22224D03008A9566 /* CameraFramework.framework */; };
		CCDB45B122224D1B008A9566 /* CameraFramework.framework in Embed Frameworks */ = {isa = PBXBuildFile; fileRef = CCDB45AE22224D03008A9566 /* CameraFramework.framework */; settings = {ATTRIBUTES = (CodeSignOnCopy, RemoveHeadersOnCopy, ); }; };
/* End PBXBuildFile section */

/* Begin PBXCopyFilesBuildPhase section */
		CCDB45B222224D1B008A9566 /* Embed Frameworks */ = {
			isa = PBXCopyFilesBuildPhase;
			buildActionMask = 2147483647;
			dstPath = "";
			dstSubfolderSpec = 10;
			files = (
				CCDB45B122224D1B008A9566 /* CameraFramework.framework in Embed Frameworks */,
			);
			name = "Embed Frameworks";
			runOnlyForDeploymentPostprocessing = 0;
		};
/* End PBXCopyFilesBuildPhase section */

/* Begin PBXFileReference section */
		CCDB459822224C3D008A9566 /* SampleApplication.app */ = {isa = PBXFileReference; explicitFileType = wrapper.application; includeInIndex = 0; path = SampleApplication.app; sourceTree = BUILT_PRODUCTS_DIR; };
		CCDB459B22224C3D008A9566 /* AppDelegate.swift */ = {isa = PBXFileReference; lastKnownFileType = sourcecode.swift; path = AppDelegate.swift; sourceTree = "<group>"; };
		CCDB459D22224C3D008A9566 /* ViewController.swift */ = {isa = PBXFileReference; lastKnownFileType = sourcecode.swift; path = ViewController.swift; sourceTree = "<group>"; };
		CCDB45A022224C3D008A9566 /* Base */ = {isa = PBXFileReference; lastKnownFileType = file.storyboard; name = Base; path = Base.lproj/Main.storyboard; sourceTree = "<group>"; };
		CCDB45A222224C3D008A9566 /* Assets.xcassets */ = {isa = PBXFileReference; lastKnownFileType = folder.assetcatalog; path = Assets.xcassets; sourceTree = "<group>"; };
		CCDB45A522224C3D008A9566 /* Base */ = {isa = PBXFileReference; lastKnownFileType = file.storyboard; name = Base; path = Base.lproj/LaunchScreen.storyboard; sourceTree = "<group>"; };
		CCDB45A722224C3D008A9566 /* Info.plist */ = {isa = PBXFileReference; lastKnownFileType = text.plist.xml; path = Info.plist; sourceTree = "<group>"; };
		CCDB45AE22224D03008A9566 /* CameraFramework.framework */ = {isa = PBXFileReference; lastKnownFileType = wrapper.framework; name = CameraFramework.framework; path = "../../../../../Library/Developer/Xcode/DerivedData/MultimediaWorkspace-bxxtlvqecmquchdghqdnpqonyaey/Build/Products/Debug-iphoneos/CameraFramework.framework"; sourceTree = "<group>"; };
/* End PBXFileReference section */

/* Begin PBXFrameworksBuildPhase section */
		CCDB459522224C3D008A9566 /* Frameworks */ = {
			isa = PBXFrameworksBuildPhase;
			buildActionMask = 2147483647;
			files = (
				CCDB45B022224D1B008A9566 /* CameraFramework.framework in Frameworks */,
				CCDB45AF22224D03008A9566 /* CameraFramework.framework in Frameworks */,
			);
			runOnlyForDeploymentPostprocessing = 0;
		};
/* End PBXFrameworksBuildPhase section */

/* Begin PBXGroup section */
		CCDB458F22224C3C008A9566 = {
			isa = PBXGroup;
			children = (
				CCDB45AD22224CCD008A9566 /* Frameworks */,
				CCDB459A22224C3D008A9566 /* SampleApplication */,
				CCDB459922224C3D008A9566 /* Products */,
			);
			sourceTree = "<group>";
		};
		CCDB459922224C3D008A9566 /* Products */ = {
			isa = PBXGroup;
			children = (
				CCDB459822224C3D008A9566 /* SampleApplication.app */,
			);
			name = Products;
			sourceTree = "<group>";
		};
		CCDB459A22224C3D008A9566 /* SampleApplication */ = {
			isa = PBXGroup;
			children = (
				CCDB459B22224C3D008A9566 /* AppDelegate.swift */,
				CCDB459D22224C3D008A9566 /* ViewController.swift */,
				CCDB459F22224C3D008A9566 /* Main.storyboard */,
				CCDB45A222224C3D008A9566 /* Assets.xcassets */,
				CCDB45A422224C3D008A9566 /* LaunchScreen.storyboard */,
				CCDB45A722224C3D008A9566 /* Info.plist */,
			);
			path = SampleApplication;
			sourceTree = "<group>";
		};
		CCDB45AD22224CCD008A9566 /* Frameworks */ = {
			isa = PBXGroup;
			children = (
				CCDB45AE22224D03008A9566 /* CameraFramework.framework */,
			);
			path = Frameworks;
			sourceTree = "<group>";
		};
/* End PBXGroup section */

/* Begin PBXNativeTarget section */
		CCDB459722224C3D008A9566 /* SampleApplication */ = {
			isa = PBXNativeTarget;
			buildConfigurationList = CCDB45AA22224C3D008A9566 /* Build configuration list for PBXNativeTarget "SampleApplication" */;
			buildPhases = (
				CCDB459422224C3D008A9566 /* Sources */,
				CCDB459522224C3D008A9566 /* Frameworks */,
				CCDB459622224C3D008A9566 /* Resources */,
				CCDB45B222224D1B008A9566 /* Embed Frameworks */,
			);
			buildRules = (
			);
			dependencies = (
			);
			name = SampleApplication;
			productName = SampleApplication;
			productReference = CCDB459822224C3D008A9566 /* SampleApplication.app */;
			productType = "com.apple.product-type.application";
		};
/* End PBXNativeTarget section */

/* Begin PBXProject section */
		CCDB459022224C3C008A9566 /* Project object */ = {
			isa = PBXProject;
			attributes = {
				LastSwiftUpdateCheck = 1010;
				LastUpgradeCheck = 1010;
				ORGANIZATIONNAME = "Nestor Hernandez";
				TargetAttributes = {
					CCDB459722224C3D008A9566 = {
						CreatedOnToolsVersion = 10.1;
					};
				};
			};
			buildConfigurationList = CCDB459322224C3C008A9566 /* Build configuration list for PBXProject "SampleApplication" */;
			compatibilityVersion = "Xcode 9.3";
			developmentRegion = en;
			hasScannedForEncodings = 0;
			knownRegions = (
				en,
				Base,
			);
			mainGroup = CCDB458F22224C3C008A9566;
			productRefGroup = CCDB459922224C3D008A9566 /* Products */;
			projectDirPath = "";
			projectRoot = "";
			targets = (
				CCDB459722224C3D008A9566 /* SampleApplication */,
			);
		};
/* End PBXProject section */

/* Begin PBXResourcesBuildPhase section */
		CCDB459622224C3D008A9566 /* Resources */ = {
			isa = PBXResourcesBuildPhase;
			buildActionMask = 2147483647;
			files = (
				CCDB45A622224C3D008A9566 /* LaunchScreen.storyboard in Resources */,
				CCDB45A322224C3D008A9566 /* Assets.xcassets in Resources */,
				CCDB45A122224C3D008A9566 /* Main.storyboard in Resources */,
			);
			runOnlyForDeploymentPostprocessing = 0;
		};
/* End PBXResourcesBuildPhase section */

/* Begin PBXSourcesBuildPhase section */
		CCDB459422224C3D008A9566 /* Sources */ = {
			isa = PBXSourcesBuildPhase;
			buildActionMask = 2147483647;
			files = (
				CCDB459E22224C3D008A9566 /* ViewController.swift in Sources */,
				CCDB459C22224C3D008A9566 /* AppDelegate.swift in Sources */,
			);
			runOnlyForDeploymentPostprocessing = 0;
		};
/* End PBXSourcesBuildPhase section */

/* Begin PBXVariantGroup section */
		CCDB459F22224C3D008A9566 /* Main.storyboard */ = {
			isa = PBXVariantGroup;
			children = (
				CCDB45A022224C3D008A9566 /* Base */,
			);
			name = Main.storyboard;
			sourceTree = "<group>";
		};
		CCDB45A422224C3D008A9566 /* LaunchScreen.storyboard */ = {
			isa = PBXVariantGroup;
			children = (
				CCDB45A522224C3D008A9566 /* Base */,
			);
			name = LaunchScreen.storyboard;
			sourceTree = "<group>";
		};
/* End PBXVariantGroup section */

/* Begin XCBuildConfiguration section */
		CCDB45A822224C3D008A9566 /* Debug */ = {
			isa = XCBuildConfiguration;
			buildSettings = {
				ALWAYS_SEARCH_USER_PATHS = NO;
				CLANG_ANALYZER_NONNULL = YES;
				CLANG_ANALYZER_NUMBER_OBJECT_CONVERSION = YES_AGGRESSIVE;
				CLANG_CXX_LANGUAGE_STANDARD = "gnu++14";
				CLANG_CXX_LIBRARY = "libc++";
				CLANG_ENABLE_MODULES = YES;
				CLANG_ENABLE_OBJC_ARC = YES;
				CLANG_ENABLE_OBJC_WEAK = YES;
				CLANG_WARN_BLOCK_CAPTURE_AUTORELEASING = YES;
				CLANG_WARN_BOOL_CONVERSION = YES;
				CLANG_WARN_COMMA = YES;
				CLANG_WARN_CONSTANT_CONVERSION = YES;
				CLANG_WARN_DEPRECATED_OBJC_IMPLEMENTATIONS = YES;
				CLANG_WARN_DIRECT_OBJC_ISA_USAGE = YES_ERROR;
				CLANG_WARN_DOCUMENTATION_COMMENTS = YES;
				CLANG_WARN_EMPTY_BODY = YES;
				CLANG_WARN_ENUM_CONVERSION = YES;
				CLANG_WARN_INFINITE_RECURSION = YES;
				CLANG_WARN_INT_CONVERSION = YES;
				CLANG_WARN_NON_LITERAL_NULL_CONVERSION = YES;
				CLANG_WARN_OBJC_IMPLICIT_RETAIN_SELF = YES;
				CLANG_WARN_OBJC_LITERAL_CONVERSION = YES;
				CLANG_WARN_OBJC_ROOT_CLASS = YES_ERROR;
				CLANG_WARN_RANGE_LOOP_ANALYSIS = YES;
				CLANG_WARN_STRICT_PROTOTYPES = YES;
				CLANG_WARN_SUSPICIOUS_MOVE = YES;
				CLANG_WARN_UNGUARDED_AVAILABILITY = YES_AGGRESSIVE;
				CLANG_WARN_UNREACHABLE_CODE = YES;
				CLANG_WARN__DUPLICATE_METHOD_MATCH = YES;
				CODE_SIGN_IDENTITY = "iPhone Developer";
				COPY_PHASE_STRIP = NO;
				DEBUG_INFORMATION_FORMAT = dwarf;
				ENABLE_STRICT_OBJC_MSGSEND = YES;
				ENABLE_TESTABILITY = YES;
				GCC_C_LANGUAGE_STANDARD = gnu11;
				GCC_DYNAMIC_NO_PIC = NO;
				GCC_NO_COMMON_BLOCKS = YES;
				GCC_OPTIMIZATION_LEVEL = 0;
				GCC_PREPROCESSOR_DEFINITIONS = (
					"DEBUG=1",
					"$(inherited)",
				);
				GCC_WARN_64_TO_32_BIT_CONVERSION = YES;
				GCC_WARN_ABOUT_RETURN_TYPE = YES_ERROR;
				GCC_WARN_UNDECLARED_SELECTOR = YES;
				GCC_WARN_UNINITIALIZED_AUTOS = YES_AGGRESSIVE;
				GCC_WARN_UNUSED_FUNCTION = YES;
				GCC_WARN_UNUSED_VARIABLE = YES;
				IPHONEOS_DEPLOYMENT_TARGET = 12.1;
				MTL_ENABLE_DEBUG_INFO = INCLUDE_SOURCE;
				MTL_FAST_MATH = YES;
				ONLY_ACTIVE_ARCH = YES;
				SDKROOT = iphoneos;
				SWIFT_ACTIVE_COMPILATION_CONDITIONS = DEBUG;
				SWIFT_OPTIMIZATION_LEVEL = "-Onone";
			};
			name = Debug;
		};
		CCDB45A922224C3D008A9566 /* Release */ = {
			isa = XCBuildConfiguration;
			buildSettings = {
				ALWAYS_SEARCH_USER_PATHS = NO;
				CLANG_ANALYZER_NONNULL = YES;
				CLANG_ANALYZER_NUMBER_OBJECT_CONVERSION = YES_AGGRESSIVE;
				CLANG_CXX_LANGUAGE_STANDARD = "gnu++14";
				CLANG_CXX_LIBRARY = "libc++";
				CLANG_ENABLE_MODULES = YES;
				CLANG_ENABLE_OBJC_ARC = YES;
				CLANG_ENABLE_OBJC_WEAK = YES;
				CLANG_WARN_BLOCK_CAPTURE_AUTORELEASING = YES;
				CLANG_WARN_BOOL_CONVERSION = YES;
				CLANG_WARN_COMMA = YES;
				CLANG_WARN_CONSTANT_CONVERSION = YES;
				CLANG_WARN_DEPRECATED_OBJC_IMPLEMENTATIONS = YES;
				CLANG_WARN_DIRECT_OBJC_ISA_USAGE = YES_ERROR;
				CLANG_WARN_DOCUMENTATION_COMMENTS = YES;
				CLANG_WARN_EMPTY_BODY = YES;
				CLANG_WARN_ENUM_CONVERSION = YES;
				CLANG_WARN_INFINITE_RECURSION = YES;
				CLANG_WARN_INT_CONVERSION = YES;
				CLANG_WARN_NON_LITERAL_NULL_CONVERSION = YES;
				CLANG_WARN_OBJC_IMPLICIT_RETAIN_SELF = YES;
				CLANG_WARN_OBJC_LITERAL_CONVERSION = YES;
				CLANG_WARN_OBJC_ROOT_CLASS = YES_ERROR;
				CLANG_WARN_RANGE_LOOP_ANALYSIS = YES;
				CLANG_WARN_STRICT_PROTOTYPES = YES;
				CLANG_WARN_SUSPICIOUS_MOVE = YES;
				CLANG_WARN_UNGUARDED_AVAILABILITY = YES_AGGRESSIVE;
				CLANG_WARN_UNREACHABLE_CODE = YES;
				CLANG_WARN__DUPLICATE_METHOD_MATCH = YES;
				CODE_SIGN_IDENTITY = "iPhone Developer";
				COPY_PHASE_STRIP = NO;
				DEBUG_INFORMATION_FORMAT = "dwarf-with-dsym";
				ENABLE_NS_ASSERTIONS = NO;
				ENABLE_STRICT_OBJC_MSGSEND = YES;
				GCC_C_LANGUAGE_STANDARD = gnu11;
				GCC_NO_COMMON_BLOCKS = YES;
				GCC_WARN_64_TO_32_BIT_CONVERSION = YES;
				GCC_WARN_ABOUT_RETURN_TYPE = YES_ERROR;
				GCC_WARN_UNDECLARED_SELECTOR = YES;
				GCC_WARN_UNINITIALIZED_AUTOS = YES_AGGRESSIVE;
				GCC_WARN_UNUSED_FUNCTION = YES;
				GCC_WARN_UNUSED_VARIABLE = YES;
				IPHONEOS_DEPLOYMENT_TARGET = 12.1;
				MTL_ENABLE_DEBUG_INFO = NO;
				MTL_FAST_MATH = YES;
				SDKROOT = iphoneos;
				SWIFT_COMPILATION_MODE = wholemodule;
				SWIFT_OPTIMIZATION_LEVEL = "-O";
				VALIDATE_PRODUCT = YES;
			};
			name = Release;
		};
		CCDB45AB22224C3D008A9566 /* Debug */ = {
			isa = XCBuildConfiguration;
			buildSettings = {
				ASSETCATALOG_COMPILER_APPICON_NAME = AppIcon;
				CODE_SIGN_STYLE = Automatic;
				DEVELOPMENT_TEAM = GQGZN6D9K9;
				INFOPLIST_FILE = SampleApplication/Info.plist;
				LD_RUNPATH_SEARCH_PATHS = (
					"$(inherited)",
					"@executable_path/Frameworks",
				);
				PRODUCT_BUNDLE_IDENTIFIER = AppLab.SampleApplication;
				PRODUCT_NAME = "$(TARGET_NAME)";
				SWIFT_VERSION = 4.2;
				TARGETED_DEVICE_FAMILY = "1,2";
			};
			name = Debug;
		};
		CCDB45AC22224C3D008A9566 /* Release */ = {
			isa = XCBuildConfiguration;
			buildSettings = {
				ASSETCATALOG_COMPILER_APPICON_NAME = AppIcon;
				CODE_SIGN_STYLE = Automatic;
				DEVELOPMENT_TEAM = GQGZN6D9K9;
				INFOPLIST_FILE = SampleApplication/Info.plist;
				LD_RUNPATH_SEARCH_PATHS = (
					"$(inherited)",
					"@executable_path/Frameworks",
				);
				PRODUCT_BUNDLE_IDENTIFIER = AppLab.SampleApplication;
				PRODUCT_NAME = "$(TARGET_NAME)";
				SWIFT_VERSION = 4.2;
				TARGETED_DEVICE_FAMILY = "1,2";
			};
			name = Release;
		};
/* End XCBuildConfiguration section */

/* Begin XCConfigurationList section */
		CCDB459322224C3C008A9566 /* Build configuration list for PBXProject "SampleApplication" */ = {
			isa = XCConfigurationList;
			buildConfigurations = (
				CCDB45A822224C3D008A9566 /* Debug */,
				CCDB45A922224C3D008A9566 /* Release */,
			);
			defaultConfigurationIsVisible = 0;
			defaultConfigurationName = Release;
		};
		CCDB45AA22224C3D008A9566 /* Build configuration list for PBXNativeTarget "SampleApplication" */ = {
			isa = XCConfigurationList;
			buildConfigurations = (
				CCDB45AB22224C3D008A9566 /* Debug */,
				CCDB45AC22224C3D008A9566 /* Release */,
			);
			defaultConfigurationIsVisible = 0;
			defaultConfigurationName = Release;
		};
/* End XCConfigurationList section */
	};
	rootObject = CCDB459022224C3C008A9566 /* Project object */;
}
